// !$*UTF8*$!
{
	archiveVersion = 1;
	classes = {
	};
	objectVersion = 50;
	objects = {

/* Begin PBXBuildFile section */
		1755FD61252BA5B800617A98 /* FirebaseService.swift in Sources */ = {isa = PBXBuildFile; fileRef = 1755FD60252BA5B800617A98 /* FirebaseService.swift */; };
		1755FD64252BA9E500617A98 /* User.swift in Sources */ = {isa = PBXBuildFile; fileRef = 1755FD63252BA9E500617A98 /* User.swift */; };
		1755FD66252BB44800617A98 /* NetworkingError.swift in Sources */ = {isa = PBXBuildFile; fileRef = 1755FD65252BB44800617A98 /* NetworkingError.swift */; };
		17B968732513B7CB00A76E44 /* AppDelegate.swift in Sources */ = {isa = PBXBuildFile; fileRef = 17B968722513B7CB00A76E44 /* AppDelegate.swift */; };
		17B968752513B7CB00A76E44 /* SceneDelegate.swift in Sources */ = {isa = PBXBuildFile; fileRef = 17B968742513B7CB00A76E44 /* SceneDelegate.swift */; };
		17B968772513B7CB00A76E44 /* LoginViewController.swift in Sources */ = {isa = PBXBuildFile; fileRef = 17B968762513B7CB00A76E44 /* LoginViewController.swift */; };
		17B9687A2513B7CB00A76E44 /* Main.storyboard in Resources */ = {isa = PBXBuildFile; fileRef = 17B968782513B7CB00A76E44 /* Main.storyboard */; };
		17B9687C2513B7CD00A76E44 /* Assets.xcassets in Resources */ = {isa = PBXBuildFile; fileRef = 17B9687B2513B7CD00A76E44 /* Assets.xcassets */; };
		17B9687F2513B7CD00A76E44 /* LaunchScreen.storyboard in Resources */ = {isa = PBXBuildFile; fileRef = 17B9687D2513B7CD00A76E44 /* LaunchScreen.storyboard */; };
		17B9688A2513B7CE00A76E44 /* mad_fixed_exerciseTests.swift in Sources */ = {isa = PBXBuildFile; fileRef = 17B968892513B7CE00A76E44 /* mad_fixed_exerciseTests.swift */; };
		17B968962513C4FA00A76E44 /* PSButton.swift in Sources */ = {isa = PBXBuildFile; fileRef = 17B968952513C4FA00A76E44 /* PSButton.swift */; };
/* End PBXBuildFile section */

/* Begin PBXContainerItemProxy section */
		17B968862513B7CD00A76E44 /* PBXContainerItemProxy */ = {
			isa = PBXContainerItemProxy;
			containerPortal = 17B968672513B7CB00A76E44 /* Project object */;
			proxyType = 1;
			remoteGlobalIDString = 17B9686E2513B7CB00A76E44;
			remoteInfo = "mad-fixed-exercise";
		};
/* End PBXContainerItemProxy section */

/* Begin PBXFileReference section */
		1755FD60252BA5B800617A98 /* FirebaseService.swift */ = {isa = PBXFileReference; lastKnownFileType = sourcecode.swift; path = FirebaseService.swift; sourceTree = "<group>"; };
		1755FD63252BA9E500617A98 /* User.swift */ = {isa = PBXFileReference; lastKnownFileType = sourcecode.swift; path = User.swift; sourceTree = "<group>"; };
		1755FD65252BB44800617A98 /* NetworkingError.swift */ = {isa = PBXFileReference; lastKnownFileType = sourcecode.swift; path = NetworkingError.swift; sourceTree = "<group>"; };
		17B9686F2513B7CB00A76E44 /* mad-fixed-exercise.app */ = {isa = PBXFileReference; explicitFileType = wrapper.application; includeInIndex = 0; path = "mad-fixed-exercise.app"; sourceTree = BUILT_PRODUCTS_DIR; };
		17B968722513B7CB00A76E44 /* AppDelegate.swift */ = {isa = PBXFileReference; lastKnownFileType = sourcecode.swift; path = AppDelegate.swift; sourceTree = "<group>"; };
		17B968742513B7CB00A76E44 /* SceneDelegate.swift */ = {isa = PBXFileReference; lastKnownFileType = sourcecode.swift; path = SceneDelegate.swift; sourceTree = "<group>"; };
		17B968762513B7CB00A76E44 /* LoginViewController.swift */ = {isa = PBXFileReference; lastKnownFileType = sourcecode.swift; path = LoginViewController.swift; sourceTree = "<group>"; };
		17B968792513B7CB00A76E44 /* Base */ = {isa = PBXFileReference; lastKnownFileType = file.storyboard; name = Base; path = Base.lproj/Main.storyboard; sourceTree = "<group>"; };
		17B9687B2513B7CD00A76E44 /* Assets.xcassets */ = {isa = PBXFileReference; lastKnownFileType = folder.assetcatalog; path = Assets.xcassets; sourceTree = "<group>"; };
		17B9687E2513B7CD00A76E44 /* Base */ = {isa = PBXFileReference; lastKnownFileType = file.storyboard; name = Base; path = Base.lproj/LaunchScreen.storyboard; sourceTree = "<group>"; };
		17B968802513B7CD00A76E44 /* Info.plist */ = {isa = PBXFileReference; lastKnownFileType = text.plist.xml; path = Info.plist; sourceTree = "<group>"; };
		17B968852513B7CD00A76E44 /* mad-fixed-exerciseTests.xctest */ = {isa = PBXFileReference; explicitFileType = wrapper.cfbundle; includeInIndex = 0; path = "mad-fixed-exerciseTests.xctest"; sourceTree = BUILT_PRODUCTS_DIR; };
		17B968892513B7CE00A76E44 /* mad_fixed_exerciseTests.swift */ = {isa = PBXFileReference; lastKnownFileType = sourcecode.swift; path = mad_fixed_exerciseTests.swift; sourceTree = "<group>"; };
		17B9688B2513B7CE00A76E44 /* Info.plist */ = {isa = PBXFileReference; lastKnownFileType = text.plist.xml; path = Info.plist; sourceTree = "<group>"; };
		17B968952513C4FA00A76E44 /* PSButton.swift */ = {isa = PBXFileReference; lastKnownFileType = sourcecode.swift; path = PSButton.swift; sourceTree = "<group>"; };
/* End PBXFileReference section */

/* Begin PBXFrameworksBuildPhase section */
		17B9686C2513B7CB00A76E44 /* Frameworks */ = {
			isa = PBXFrameworksBuildPhase;
			buildActionMask = 2147483647;
			files = (
			);
			runOnlyForDeploymentPostprocessing = 0;
		};
		17B968822513B7CD00A76E44 /* Frameworks */ = {
			isa = PBXFrameworksBuildPhase;
			buildActionMask = 2147483647;
			files = (
			);
			runOnlyForDeploymentPostprocessing = 0;
		};
/* End PBXFrameworksBuildPhase section */

/* Begin PBXGroup section */
		1755FD5F252BA52200617A98 /* Networking */ = {
			isa = PBXGroup;
			children = (
				1755FD60252BA5B800617A98 /* FirebaseService.swift */,
				1755FD65252BB44800617A98 /* NetworkingError.swift */,
			);
			name = Networking;
			sourceTree = "<group>";
		};
		1755FD62252BA9A500617A98 /* Model */ = {
			isa = PBXGroup;
			children = (
				1755FD63252BA9E500617A98 /* User.swift */,
			);
			name = Model;
			sourceTree = "<group>";
		};
		17B968662513B7CB00A76E44 = {
			isa = PBXGroup;
			children = (
				17B968712513B7CB00A76E44 /* mad-fixed-exercise */,
				17B968882513B7CE00A76E44 /* mad-fixed-exerciseTests */,
				17B968702513B7CB00A76E44 /* Products */,
			);
			sourceTree = "<group>";
		};
		17B968702513B7CB00A76E44 /* Products */ = {
			isa = PBXGroup;
			children = (
				17B9686F2513B7CB00A76E44 /* mad-fixed-exercise.app */,
				17B968852513B7CD00A76E44 /* mad-fixed-exerciseTests.xctest */,
			);
			name = Products;
			sourceTree = "<group>";
		};
		17B968712513B7CB00A76E44 /* mad-fixed-exercise */ = {
			isa = PBXGroup;
			children = (
				1755FD62252BA9A500617A98 /* Model */,
				1755FD5F252BA52200617A98 /* Networking */,
				17B968942513C4A300A76E44 /* UI */,
				17B968722513B7CB00A76E44 /* AppDelegate.swift */,
				17B968742513B7CB00A76E44 /* SceneDelegate.swift */,
				17B968762513B7CB00A76E44 /* LoginViewController.swift */,
				17B968782513B7CB00A76E44 /* Main.storyboard */,
				17B9687B2513B7CD00A76E44 /* Assets.xcassets */,
				17B9687D2513B7CD00A76E44 /* LaunchScreen.storyboard */,
				17B968802513B7CD00A76E44 /* Info.plist */,
			);
			path = "mad-fixed-exercise";
			sourceTree = "<group>";
		};
		17B968882513B7CE00A76E44 /* mad-fixed-exerciseTests */ = {
			isa = PBXGroup;
			children = (
				17B968892513B7CE00A76E44 /* mad_fixed_exerciseTests.swift */,
				17B9688B2513B7CE00A76E44 /* Info.plist */,
			);
			path = "mad-fixed-exerciseTests";
			sourceTree = "<group>";
		};
		17B968942513C4A300A76E44 /* UI */ = {
			isa = PBXGroup;
			children = (
				17B968952513C4FA00A76E44 /* PSButton.swift */,
			);
			name = UI;
			sourceTree = "<group>";
		};
/* End PBXGroup section */

/* Begin PBXNativeTarget section */
		17B9686E2513B7CB00A76E44 /* mad-fixed-exercise */ = {
			isa = PBXNativeTarget;
			buildConfigurationList = 17B9688E2513B7CE00A76E44 /* Build configuration list for PBXNativeTarget "mad-fixed-exercise" */;
			buildPhases = (
				17B9686B2513B7CB00A76E44 /* Sources */,
				17B9686C2513B7CB00A76E44 /* Frameworks */,
				17B9686D2513B7CB00A76E44 /* Resources */,
			);
			buildRules = (
			);
			dependencies = (
			);
			name = "mad-fixed-exercise";
			productName = "mad-fixed-exercise";
			productReference = 17B9686F2513B7CB00A76E44 /* mad-fixed-exercise.app */;
			productType = "com.apple.product-type.application";
		};
		17B968842513B7CD00A76E44 /* mad-fixed-exerciseTests */ = {
			isa = PBXNativeTarget;
			buildConfigurationList = 17B968912513B7CE00A76E44 /* Build configuration list for PBXNativeTarget "mad-fixed-exerciseTests" */;
			buildPhases = (
				17B968812513B7CD00A76E44 /* Sources */,
				17B968822513B7CD00A76E44 /* Frameworks */,
				17B968832513B7CD00A76E44 /* Resources */,
			);
			buildRules = (
			);
			dependencies = (
				17B968872513B7CD00A76E44 /* PBXTargetDependency */,
			);
			name = "mad-fixed-exerciseTests";
			productName = "mad-fixed-exerciseTests";
			productReference = 17B968852513B7CD00A76E44 /* mad-fixed-exerciseTests.xctest */;
			productType = "com.apple.product-type.bundle.unit-test";
		};
/* End PBXNativeTarget section */

/* Begin PBXProject section */
		17B968672513B7CB00A76E44 /* Project object */ = {
			isa = PBXProject;
			attributes = {
				LastSwiftUpdateCheck = 1130;
				LastUpgradeCheck = 1130;
				ORGANIZATIONNAME = philipp;
				TargetAttributes = {
					17B9686E2513B7CB00A76E44 = {
						CreatedOnToolsVersion = 11.3.1;
					};
					17B968842513B7CD00A76E44 = {
						CreatedOnToolsVersion = 11.3.1;
						TestTargetID = 17B9686E2513B7CB00A76E44;
					};
				};
			};
			buildConfigurationList = 17B9686A2513B7CB00A76E44 /* Build configuration list for PBXProject "mad-fixed-exercise" */;
			compatibilityVersion = "Xcode 9.3";
			developmentRegion = en;
			hasScannedForEncodings = 0;
			knownRegions = (
				en,
				Base,
			);
			mainGroup = 17B968662513B7CB00A76E44;
			productRefGroup = 17B968702513B7CB00A76E44 /* Products */;
			projectDirPath = "";
			projectRoot = "";
			targets = (
				17B9686E2513B7CB00A76E44 /* mad-fixed-exercise */,
				17B968842513B7CD00A76E44 /* mad-fixed-exerciseTests */,
			);
		};
/* End PBXProject section */

/* Begin PBXResourcesBuildPhase section */
		17B9686D2513B7CB00A76E44 /* Resources */ = {
			isa = PBXResourcesBuildPhase;
			buildActionMask = 2147483647;
			files = (
				17B9687F2513B7CD00A76E44 /* LaunchScreen.storyboard in Resources */,
				17B9687C2513B7CD00A76E44 /* Assets.xcassets in Resources */,
				17B9687A2513B7CB00A76E44 /* Main.storyboard in Resources */,
			);
			runOnlyForDeploymentPostprocessing = 0;
		};
		17B968832513B7CD00A76E44 /* Resources */ = {
			isa = PBXResourcesBuildPhase;
			buildActionMask = 2147483647;
			files = (
			);
			runOnlyForDeploymentPostprocessing = 0;
		};
/* End PBXResourcesBuildPhase section */

/* Begin PBXSourcesBuildPhase section */
		17B9686B2513B7CB00A76E44 /* Sources */ = {
			isa = PBXSourcesBuildPhase;
			buildActionMask = 2147483647;
			files = (
				17B968962513C4FA00A76E44 /* PSButton.swift in Sources */,
				1755FD61252BA5B800617A98 /* FirebaseService.swift in Sources */,
				1755FD64252BA9E500617A98 /* User.swift in Sources */,
				1755FD66252BB44800617A98 /* NetworkingError.swift in Sources */,
				17B968772513B7CB00A76E44 /* LoginViewController.swift in Sources */,
				17B968732513B7CB00A76E44 /* AppDelegate.swift in Sources */,
				17B968752513B7CB00A76E44 /* SceneDelegate.swift in Sources */,
			);
			runOnlyForDeploymentPostprocessing = 0;
		};
		17B968812513B7CD00A76E44 /* Sources */ = {
			isa = PBXSourcesBuildPhase;
			buildActionMask = 2147483647;
			files = (
				17B9688A2513B7CE00A76E44 /* mad_fixed_exerciseTests.swift in Sources */,
			);
			runOnlyForDeploymentPostprocessing = 0;
		};
/* End PBXSourcesBuildPhase section */

/* Begin PBXTargetDependency section */
		17B968872513B7CD00A76E44 /* PBXTargetDependency */ = {
			isa = PBXTargetDependency;
			target = 17B9686E2513B7CB00A76E44 /* mad-fixed-exercise */;
			targetProxy = 17B968862513B7CD00A76E44 /* PBXContainerItemProxy */;
		};
/* End PBXTargetDependency section */

/* Begin PBXVariantGroup section */
		17B968782513B7CB00A76E44 /* Main.storyboard */ = {
			isa = PBXVariantGroup;
			children = (
				17B968792513B7CB00A76E44 /* Base */,
			);
			name = Main.storyboard;
			sourceTree = "<group>";
		};
		17B9687D2513B7CD00A76E44 /* LaunchScreen.storyboard */ = {
			isa = PBXVariantGroup;
			children = (
				17B9687E2513B7CD00A76E44 /* Base */,
			);
			name = LaunchScreen.storyboard;
			sourceTree = "<group>";
		};
/* End PBXVariantGroup section */

/* Begin XCBuildConfiguration section */
		17B9688C2513B7CE00A76E44 /* Debug */ = {
			isa = XCBuildConfiguration;
			buildSettings = {
				ALWAYS_SEARCH_USER_PATHS = NO;
				CLANG_ANALYZER_NONNULL = YES;
				CLANG_ANALYZER_NUMBER_OBJECT_CONVERSION = YES_AGGRESSIVE;
				CLANG_CXX_LANGUAGE_STANDARD = "gnu++14";
				CLANG_CXX_LIBRARY = "libc++";
				CLANG_ENABLE_MODULES = YES;
				CLANG_ENABLE_OBJC_ARC = YES;
				CLANG_ENABLE_OBJC_WEAK = YES;
				CLANG_WARN_BLOCK_CAPTURE_AUTORELEASING = YES;
				CLANG_WARN_BOOL_CONVERSION = YES;
				CLANG_WARN_COMMA = YES;
				CLANG_WARN_CONSTANT_CONVERSION = YES;
				CLANG_WARN_DEPRECATED_OBJC_IMPLEMENTATIONS = YES;
				CLANG_WARN_DIRECT_OBJC_ISA_USAGE = YES_ERROR;
				CLANG_WARN_DOCUMENTATION_COMMENTS = YES;
				CLANG_WARN_EMPTY_BODY = YES;
				CLANG_WARN_ENUM_CONVERSION = YES;
				CLANG_WARN_INFINITE_RECURSION = YES;
				CLANG_WARN_INT_CONVERSION = YES;
				CLANG_WARN_NON_LITERAL_NULL_CONVERSION = YES;
				CLANG_WARN_OBJC_IMPLICIT_RETAIN_SELF = YES;
				CLANG_WARN_OBJC_LITERAL_CONVERSION = YES;
				CLANG_WARN_OBJC_ROOT_CLASS = YES_ERROR;
				CLANG_WARN_RANGE_LOOP_ANALYSIS = YES;
				CLANG_WARN_STRICT_PROTOTYPES = YES;
				CLANG_WARN_SUSPICIOUS_MOVE = YES;
				CLANG_WARN_UNGUARDED_AVAILABILITY = YES_AGGRESSIVE;
				CLANG_WARN_UNREACHABLE_CODE = YES;
				CLANG_WARN__DUPLICATE_METHOD_MATCH = YES;
				COPY_PHASE_STRIP = NO;
				DEBUG_INFORMATION_FORMAT = dwarf;
				ENABLE_STRICT_OBJC_MSGSEND = YES;
				ENABLE_TESTABILITY = YES;
				GCC_C_LANGUAGE_STANDARD = gnu11;
				GCC_DYNAMIC_NO_PIC = NO;
				GCC_NO_COMMON_BLOCKS = YES;
				GCC_OPTIMIZATION_LEVEL = 0;
				GCC_PREPROCESSOR_DEFINITIONS = (
					"DEBUG=1",
					"$(inherited)",
				);
				GCC_WARN_64_TO_32_BIT_CONVERSION = YES;
				GCC_WARN_ABOUT_RETURN_TYPE = YES_ERROR;
				GCC_WARN_UNDECLARED_SELECTOR = YES;
				GCC_WARN_UNINITIALIZED_AUTOS = YES_AGGRESSIVE;
				GCC_WARN_UNUSED_FUNCTION = YES;
				GCC_WARN_UNUSED_VARIABLE = YES;
				IPHONEOS_DEPLOYMENT_TARGET = 13.2;
				MTL_ENABLE_DEBUG_INFO = INCLUDE_SOURCE;
				MTL_FAST_MATH = YES;
				ONLY_ACTIVE_ARCH = YES;
				SDKROOT = iphoneos;
				SWIFT_ACTIVE_COMPILATION_CONDITIONS = DEBUG;
				SWIFT_OPTIMIZATION_LEVEL = "-Onone";
			};
			name = Debug;
		};
		17B9688D2513B7CE00A76E44 /* Release */ = {
			isa = XCBuildConfiguration;
			buildSettings = {
				ALWAYS_SEARCH_USER_PATHS = NO;
				CLANG_ANALYZER_NONNULL = YES;
				CLANG_ANALYZER_NUMBER_OBJECT_CONVERSION = YES_AGGRESSIVE;
				CLANG_CXX_LANGUAGE_STANDARD = "gnu++14";
				CLANG_CXX_LIBRARY = "libc++";
				CLANG_ENABLE_MODULES = YES;
				CLANG_ENABLE_OBJC_ARC = YES;
				CLANG_ENABLE_OBJC_WEAK = YES;
				CLANG_WARN_BLOCK_CAPTURE_AUTORELEASING = YES;
				CLANG_WARN_BOOL_CONVERSION = YES;
				CLANG_WARN_COMMA = YES;
				CLANG_WARN_CONSTANT_CONVERSION = YES;
				CLANG_WARN_DEPRECATED_OBJC_IMPLEMENTATIONS = YES;
				CLANG_WARN_DIRECT_OBJC_ISA_USAGE = YES_ERROR;
				CLANG_WARN_DOCUMENTATION_COMMENTS = YES;
				CLANG_WARN_EMPTY_BODY = YES;
				CLANG_WARN_ENUM_CONVERSION = YES;
				CLANG_WARN_INFINITE_RECURSION = YES;
				CLANG_WARN_INT_CONVERSION = YES;
				CLANG_WARN_NON_LITERAL_NULL_CONVERSION = YES;
				CLANG_WARN_OBJC_IMPLICIT_RETAIN_SELF = YES;
				CLANG_WARN_OBJC_LITERAL_CONVERSION = YES;
				CLANG_WARN_OBJC_ROOT_CLASS = YES_ERROR;
				CLANG_WARN_RANGE_LOOP_ANALYSIS = YES;
				CLANG_WARN_STRICT_PROTOTYPES = YES;
				CLANG_WARN_SUSPICIOUS_MOVE = YES;
				CLANG_WARN_UNGUARDED_AVAILABILITY = YES_AGGRESSIVE;
				CLANG_WARN_UNREACHABLE_CODE = YES;
				CLANG_WARN__DUPLICATE_METHOD_MATCH = YES;
				COPY_PHASE_STRIP = NO;
				DEBUG_INFORMATION_FORMAT = "dwarf-with-dsym";
				ENABLE_NS_ASSERTIONS = NO;
				ENABLE_STRICT_OBJC_MSGSEND = YES;
				GCC_C_LANGUAGE_STANDARD = gnu11;
				GCC_NO_COMMON_BLOCKS = YES;
				GCC_WARN_64_TO_32_BIT_CONVERSION = YES;
				GCC_WARN_ABOUT_RETURN_TYPE = YES_ERROR;
				GCC_WARN_UNDECLARED_SELECTOR = YES;
				GCC_WARN_UNINITIALIZED_AUTOS = YES_AGGRESSIVE;
				GCC_WARN_UNUSED_FUNCTION = YES;
				GCC_WARN_UNUSED_VARIABLE = YES;
				IPHONEOS_DEPLOYMENT_TARGET = 13.2;
				MTL_ENABLE_DEBUG_INFO = NO;
				MTL_FAST_MATH = YES;
				SDKROOT = iphoneos;
				SWIFT_COMPILATION_MODE = wholemodule;
				SWIFT_OPTIMIZATION_LEVEL = "-O";
				VALIDATE_PRODUCT = YES;
			};
			name = Release;
		};
		17B9688F2513B7CE00A76E44 /* Debug */ = {
			isa = XCBuildConfiguration;
			buildSettings = {
				ASSETCATALOG_COMPILER_APPICON_NAME = AppIcon;
				CODE_SIGN_STYLE = Automatic;
				DEVELOPMENT_TEAM = BR2M9RRNF6;
				INFOPLIST_FILE = "mad-fixed-exercise/Info.plist";
				LD_RUNPATH_SEARCH_PATHS = (
					"$(inherited)",
					"@executable_path/Frameworks",
				);
				PRODUCT_BUNDLE_IDENTIFIER = "at.schunker.mad-fixed-exercise";
				PRODUCT_NAME = "$(TARGET_NAME)";
				SWIFT_VERSION = 5.0;
				TARGETED_DEVICE_FAMILY = "1,2";
			};
			name = Debug;
		};
		17B968902513B7CE00A76E44 /* Release */ = {
			isa = XCBuildConfiguration;
			buildSettings = {
				ASSETCATALOG_COMPILER_APPICON_NAME = AppIcon;
				CODE_SIGN_STYLE = Automatic;
				DEVELOPMENT_TEAM = BR2M9RRNF6;
				INFOPLIST_FILE = "mad-fixed-exercise/Info.plist";
				LD_RUNPATH_SEARCH_PATHS = (
					"$(inherited)",
					"@executable_path/Frameworks",
				);
				PRODUCT_BUNDLE_IDENTIFIER = "at.schunker.mad-fixed-exercise";
				PRODUCT_NAME = "$(TARGET_NAME)";
				SWIFT_VERSION = 5.0;
				TARGETED_DEVICE_FAMILY = "1,2";
			};
			name = Release;
		};
		17B968922513B7CE00A76E44 /* Debug */ = {
			isa = XCBuildConfiguration;
			buildSettings = {
				ALWAYS_EMBED_SWIFT_STANDARD_LIBRARIES = YES;
				BUNDLE_LOADER = "$(TEST_HOST)";
				CODE_SIGN_STYLE = Automatic;
				DEVELOPMENT_TEAM = BR2M9RRNF6;
				INFOPLIST_FILE = "mad-fixed-exerciseTests/Info.plist";
				IPHONEOS_DEPLOYMENT_TARGET = 13.2;
				LD_RUNPATH_SEARCH_PATHS = (
					"$(inherited)",
					"@executable_path/Frameworks",
					"@loader_path/Frameworks",
				);
				PRODUCT_BUNDLE_IDENTIFIER = "at.schunker.mad-fixed-exerciseTests";
				PRODUCT_NAME = "$(TARGET_NAME)";
				SWIFT_VERSION = 5.0;
				TARGETED_DEVICE_FAMILY = "1,2";
				TEST_HOST = "$(BUILT_PRODUCTS_DIR)/mad-fixed-exercise.app/mad-fixed-exercise";
			};
			name = Debug;
		};
		17B968932513B7CE00A76E44 /* Release */ = {
			isa = XCBuildConfiguration;
			buildSettings = {
				ALWAYS_EMBED_SWIFT_STANDARD_LIBRARIES = YES;
				BUNDLE_LOADER = "$(TEST_HOST)";
				CODE_SIGN_STYLE = Automatic;
				DEVELOPMENT_TEAM = BR2M9RRNF6;
				INFOPLIST_FILE = "mad-fixed-exerciseTests/Info.plist";
				IPHONEOS_DEPLOYMENT_TARGET = 13.2;
				LD_RUNPATH_SEARCH_PATHS = (
					"$(inherited)",
					"@executable_path/Frameworks",
					"@loader_path/Frameworks",
				);
				PRODUCT_BUNDLE_IDENTIFIER = "at.schunker.mad-fixed-exerciseTests";
				PRODUCT_NAME = "$(TARGET_NAME)";
				SWIFT_VERSION = 5.0;
				TARGETED_DEVICE_FAMILY = "1,2";
				TEST_HOST = "$(BUILT_PRODUCTS_DIR)/mad-fixed-exercise.app/mad-fixed-exercise";
			};
			name = Release;
		};
/* End XCBuildConfiguration section */

/* Begin XCConfigurationList section */
		17B9686A2513B7CB00A76E44 /* Build configuration list for PBXProject "mad-fixed-exercise" */ = {
			isa = XCConfigurationList;
			buildConfigurations = (
				17B9688C2513B7CE00A76E44 /* Debug */,
				17B9688D2513B7CE00A76E44 /* Release */,
			);
			defaultConfigurationIsVisible = 0;
			defaultConfigurationName = Release;
		};
		17B9688E2513B7CE00A76E44 /* Build configuration list for PBXNativeTarget "mad-fixed-exercise" */ = {
			isa = XCConfigurationList;
			buildConfigurations = (
				17B9688F2513B7CE00A76E44 /* Debug */,
				17B968902513B7CE00A76E44 /* Release */,
			);
			defaultConfigurationIsVisible = 0;
			defaultConfigurationName = Release;
		};
		17B968912513B7CE00A76E44 /* Build configuration list for PBXNativeTarget "mad-fixed-exerciseTests" */ = {
			isa = XCConfigurationList;
			buildConfigurations = (
				17B968922513B7CE00A76E44 /* Debug */,
				17B968932513B7CE00A76E44 /* Release */,
			);
			defaultConfigurationIsVisible = 0;
			defaultConfigurationName = Release;
		};
/* End XCConfigurationList section */
	};
	rootObject = 17B968672513B7CB00A76E44 /* Project object */;
}
